// !$*UTF8*$!
{
	archiveVersion = 1;
	classes = {
	};
	objectVersion = 48;
	objects = {

/* Begin PBXBuildFile section */
		1AFC86B036FEF8E9210CA416 /* libPods-ReactiveCocoaUse.a in Frameworks */ = {isa = PBXBuildFile; fileRef = B6E05BBAC64845E473C31CC5 /* libPods-ReactiveCocoaUse.a */; };
		3F39CFB822506131004FDD05 /* YJViewController.m in Sources */ = {isa = PBXBuildFile; fileRef = 3F39CFB722506131004FDD05 /* YJViewController.m */; };
		3F39CFBB22506199004FDD05 /* YJLoginModel.m in Sources */ = {isa = PBXBuildFile; fileRef = 3F39CFBA22506199004FDD05 /* YJLoginModel.m */; };
		3F39CFBE225061AE004FDD05 /* YJLoginViewModel.m in Sources */ = {isa = PBXBuildFile; fileRef = 3F39CFBD225061AE004FDD05 /* YJLoginViewModel.m */; };
		3F4752292271FA2500684281 /* cc.m in Sources */ = {isa = PBXBuildFile; fileRef = 3F4752282271FA2500684281 /* cc.m */; };
		3F50B3A6224FCE4300E4E222 /* AppDelegate.m in Sources */ = {isa = PBXBuildFile; fileRef = 3F50B3A5224FCE4300E4E222 /* AppDelegate.m */; };
		3F50B3A9224FCE4300E4E222 /* ViewController.m in Sources */ = {isa = PBXBuildFile; fileRef = 3F50B3A8224FCE4300E4E222 /* ViewController.m */; };
		3F50B3AC224FCE4300E4E222 /* Main.storyboard in Resources */ = {isa = PBXBuildFile; fileRef = 3F50B3AA224FCE4300E4E222 /* Main.storyboard */; };
		3F50B3AE224FCE4300E4E222 /* Assets.xcassets in Resources */ = {isa = PBXBuildFile; fileRef = 3F50B3AD224FCE4300E4E222 /* Assets.xcassets */; };
		3F50B3B1224FCE4300E4E222 /* LaunchScreen.storyboard in Resources */ = {isa = PBXBuildFile; fileRef = 3F50B3AF224FCE4300E4E222 /* LaunchScreen.storyboard */; };
		3F50B3B4224FCE4300E4E222 /* main.m in Sources */ = {isa = PBXBuildFile; fileRef = 3F50B3B3224FCE4300E4E222 /* main.m */; };
		3F50B3BE224FCE4300E4E222 /* ReactiveCocoaUseTests.m in Sources */ = {isa = PBXBuildFile; fileRef = 3F50B3BD224FCE4300E4E222 /* ReactiveCocoaUseTests.m */; };
		3F50B3C9224FCE4300E4E222 /* ReactiveCocoaUseUITests.m in Sources */ = {isa = PBXBuildFile; fileRef = 3F50B3C8224FCE4300E4E222 /* ReactiveCocoaUseUITests.m */; };
		4CA4D165D713AB1737B5D2A3 /* libPods-ReactiveCocoaUseTests.a in Frameworks */ = {isa = PBXBuildFile; fileRef = CE9CA908FC0485B13665EDC1 /* libPods-ReactiveCocoaUseTests.a */; };
		67B42A040140BAD9F0D0385D /* libPods-ReactiveCocoaUseUITests.a in Frameworks */ = {isa = PBXBuildFile; fileRef = 6CBAC91B66A7090FE107822A /* libPods-ReactiveCocoaUseUITests.a */; };
/* End PBXBuildFile section */

/* Begin PBXContainerItemProxy section */
		3F50B3BA224FCE4300E4E222 /* PBXContainerItemProxy */ = {
			isa = PBXContainerItemProxy;
			containerPortal = 3F50B399224FCE4300E4E222 /* Project object */;
			proxyType = 1;
			remoteGlobalIDString = 3F50B3A0224FCE4300E4E222;
			remoteInfo = ReactiveCocoaUse;
		};
		3F50B3C5224FCE4300E4E222 /* PBXContainerItemProxy */ = {
			isa = PBXContainerItemProxy;
			containerPortal = 3F50B399224FCE4300E4E222 /* Project object */;
			proxyType = 1;
			remoteGlobalIDString = 3F50B3A0224FCE4300E4E222;
			remoteInfo = ReactiveCocoaUse;
		};
/* End PBXContainerItemProxy section */

/* Begin PBXFileReference section */
		04BD6C3BA928433F920CC302 /* Pods-ReactiveCocoaUse.debug.xcconfig */ = {isa = PBXFileReference; includeInIndex = 1; lastKnownFileType = text.xcconfig; name = "Pods-ReactiveCocoaUse.debug.xcconfig"; path = "Pods/Target Support Files/Pods-ReactiveCocoaUse/Pods-ReactiveCocoaUse.debug.xcconfig"; sourceTree = "<group>"; };
		228B213F2E114480B0FE88D0 /* Pods-ReactiveCocoaUseUITests.release.xcconfig */ = {isa = PBXFileReference; includeInIndex = 1; lastKnownFileType = text.xcconfig; name = "Pods-ReactiveCocoaUseUITests.release.xcconfig"; path = "Pods/Target Support Files/Pods-ReactiveCocoaUseUITests/Pods-ReactiveCocoaUseUITests.release.xcconfig"; sourceTree = "<group>"; };
		3F39CFB622506131004FDD05 /* YJViewController.h */ = {isa = PBXFileReference; lastKnownFileType = sourcecode.c.h; path = YJViewController.h; sourceTree = "<group>"; };
		3F39CFB722506131004FDD05 /* YJViewController.m */ = {isa = PBXFileReference; lastKnownFileType = sourcecode.c.objc; path = YJViewController.m; sourceTree = "<group>"; };
		3F39CFB922506199004FDD05 /* YJLoginModel.h */ = {isa = PBXFileReference; lastKnownFileType = sourcecode.c.h; path = YJLoginModel.h; sourceTree = "<group>"; };
		3F39CFBA22506199004FDD05 /* YJLoginModel.m */ = {isa = PBXFileReference; lastKnownFileType = sourcecode.c.objc; path = YJLoginModel.m; sourceTree = "<group>"; };
		3F39CFBC225061AE004FDD05 /* YJLoginViewModel.h */ = {isa = PBXFileReference; lastKnownFileType = sourcecode.c.h; path = YJLoginViewModel.h; sourceTree = "<group>"; };
		3F39CFBD225061AE004FDD05 /* YJLoginViewModel.m */ = {isa = PBXFileReference; lastKnownFileType = sourcecode.c.objc; path = YJLoginViewModel.m; sourceTree = "<group>"; };
		3F4752272271FA2500684281 /* cc.h */ = {isa = PBXFileReference; lastKnownFileType = sourcecode.c.h; path = cc.h; sourceTree = "<group>"; };
		3F4752282271FA2500684281 /* cc.m */ = {isa = PBXFileReference; lastKnownFileType = sourcecode.c.objc; path = cc.m; sourceTree = "<group>"; };
		3F50B3A1224FCE4300E4E222 /* ReactiveCocoaUse.app */ = {isa = PBXFileReference; explicitFileType = wrapper.application; includeInIndex = 0; path = ReactiveCocoaUse.app; sourceTree = BUILT_PRODUCTS_DIR; };
		3F50B3A4224FCE4300E4E222 /* AppDelegate.h */ = {isa = PBXFileReference; lastKnownFileType = sourcecode.c.h; path = AppDelegate.h; sourceTree = "<group>"; };
		3F50B3A5224FCE4300E4E222 /* AppDelegate.m */ = {isa = PBXFileReference; lastKnownFileType = sourcecode.c.objc; path = AppDelegate.m; sourceTree = "<group>"; };
		3F50B3A7224FCE4300E4E222 /* ViewController.h */ = {isa = PBXFileReference; lastKnownFileType = sourcecode.c.h; path = ViewController.h; sourceTree = "<group>"; };
		3F50B3A8224FCE4300E4E222 /* ViewController.m */ = {isa = PBXFileReference; lastKnownFileType = sourcecode.c.objc; path = ViewController.m; sourceTree = "<group>"; };
		3F50B3AB224FCE4300E4E222 /* Base */ = {isa = PBXFileReference; lastKnownFileType = file.storyboard; name = Base; path = Base.lproj/Main.storyboard; sourceTree = "<group>"; };
		3F50B3AD224FCE4300E4E222 /* Assets.xcassets */ = {isa = PBXFileReference; lastKnownFileType = folder.assetcatalog; path = Assets.xcassets; sourceTree = "<group>"; };
		3F50B3B0224FCE4300E4E222 /* Base */ = {isa = PBXFileReference; lastKnownFileType = file.storyboard; name = Base; path = Base.lproj/LaunchScreen.storyboard; sourceTree = "<group>"; };
		3F50B3B2224FCE4300E4E222 /* Info.plist */ = {isa = PBXFileReference; lastKnownFileType = text.plist.xml; path = Info.plist; sourceTree = "<group>"; };
		3F50B3B3224FCE4300E4E222 /* main.m */ = {isa = PBXFileReference; lastKnownFileType = sourcecode.c.objc; path = main.m; sourceTree = "<group>"; };
		3F50B3B9224FCE4300E4E222 /* ReactiveCocoaUseTests.xctest */ = {isa = PBXFileReference; explicitFileType = wrapper.cfbundle; includeInIndex = 0; path = ReactiveCocoaUseTests.xctest; sourceTree = BUILT_PRODUCTS_DIR; };
		3F50B3BD224FCE4300E4E222 /* ReactiveCocoaUseTests.m */ = {isa = PBXFileReference; lastKnownFileType = sourcecode.c.objc; path = ReactiveCocoaUseTests.m; sourceTree = "<group>"; };
		3F50B3BF224FCE4300E4E222 /* Info.plist */ = {isa = PBXFileReference; lastKnownFileType = text.plist.xml; path = Info.plist; sourceTree = "<group>"; };
		3F50B3C4224FCE4300E4E222 /* ReactiveCocoaUseUITests.xctest */ = {isa = PBXFileReference; explicitFileType = wrapper.cfbundle; includeInIndex = 0; path = ReactiveCocoaUseUITests.xctest; sourceTree = BUILT_PRODUCTS_DIR; };
		3F50B3C8224FCE4300E4E222 /* ReactiveCocoaUseUITests.m */ = {isa = PBXFileReference; lastKnownFileType = sourcecode.c.objc; path = ReactiveCocoaUseUITests.m; sourceTree = "<group>"; };
		3F50B3CA224FCE4300E4E222 /* Info.plist */ = {isa = PBXFileReference; lastKnownFileType = text.plist.xml; path = Info.plist; sourceTree = "<group>"; };
		6CBAC91B66A7090FE107822A /* libPods-ReactiveCocoaUseUITests.a */ = {isa = PBXFileReference; explicitFileType = archive.ar; includeInIndex = 0; path = "libPods-ReactiveCocoaUseUITests.a"; sourceTree = BUILT_PRODUCTS_DIR; };
		B6E05BBAC64845E473C31CC5 /* libPods-ReactiveCocoaUse.a */ = {isa = PBXFileReference; explicitFileType = archive.ar; includeInIndex = 0; path = "libPods-ReactiveCocoaUse.a"; sourceTree = BUILT_PRODUCTS_DIR; };
		BD9E96A002E77FB197CC8654 /* Pods-ReactiveCocoaUseTests.debug.xcconfig */ = {isa = PBXFileReference; includeInIndex = 1; lastKnownFileType = text.xcconfig; name = "Pods-ReactiveCocoaUseTests.debug.xcconfig"; path = "Pods/Target Support Files/Pods-ReactiveCocoaUseTests/Pods-ReactiveCocoaUseTests.debug.xcconfig"; sourceTree = "<group>"; };
		CBB66A95FFFEF69DE61B81EC /* Pods-ReactiveCocoaUseUITests.debug.xcconfig */ = {isa = PBXFileReference; includeInIndex = 1; lastKnownFileType = text.xcconfig; name = "Pods-ReactiveCocoaUseUITests.debug.xcconfig"; path = "Pods/Target Support Files/Pods-ReactiveCocoaUseUITests/Pods-ReactiveCocoaUseUITests.debug.xcconfig"; sourceTree = "<group>"; };
		CE9CA908FC0485B13665EDC1 /* libPods-ReactiveCocoaUseTests.a */ = {isa = PBXFileReference; explicitFileType = archive.ar; includeInIndex = 0; path = "libPods-ReactiveCocoaUseTests.a"; sourceTree = BUILT_PRODUCTS_DIR; };
		D2DCC75D0C386FC386EB2A05 /* Pods-ReactiveCocoaUseTests.release.xcconfig */ = {isa = PBXFileReference; includeInIndex = 1; lastKnownFileType = text.xcconfig; name = "Pods-ReactiveCocoaUseTests.release.xcconfig"; path = "Pods/Target Support Files/Pods-ReactiveCocoaUseTests/Pods-ReactiveCocoaUseTests.release.xcconfig"; sourceTree = "<group>"; };
		D33A0BACBDF59E6382A7F5B0 /* Pods-ReactiveCocoaUse.release.xcconfig */ = {isa = PBXFileReference; includeInIndex = 1; lastKnownFileType = text.xcconfig; name = "Pods-ReactiveCocoaUse.release.xcconfig"; path = "Pods/Target Support Files/Pods-ReactiveCocoaUse/Pods-ReactiveCocoaUse.release.xcconfig"; sourceTree = "<group>"; };
/* End PBXFileReference section */

/* Begin PBXFrameworksBuildPhase section */
		3F50B39E224FCE4300E4E222 /* Frameworks */ = {
			isa = PBXFrameworksBuildPhase;
			buildActionMask = 2147483647;
			files = (
				1AFC86B036FEF8E9210CA416 /* libPods-ReactiveCocoaUse.a in Frameworks */,
			);
			runOnlyForDeploymentPostprocessing = 0;
		};
		3F50B3B6224FCE4300E4E222 /* Frameworks */ = {
			isa = PBXFrameworksBuildPhase;
			buildActionMask = 2147483647;
			files = (
				4CA4D165D713AB1737B5D2A3 /* libPods-ReactiveCocoaUseTests.a in Frameworks */,
			);
			runOnlyForDeploymentPostprocessing = 0;
		};
		3F50B3C1224FCE4300E4E222 /* Frameworks */ = {
			isa = PBXFrameworksBuildPhase;
			buildActionMask = 2147483647;
			files = (
				67B42A040140BAD9F0D0385D /* libPods-ReactiveCocoaUseUITests.a in Frameworks */,
			);
			runOnlyForDeploymentPostprocessing = 0;
		};
/* End PBXFrameworksBuildPhase section */

/* Begin PBXGroup section */
		3F50B398224FCE4300E4E222 = {
			isa = PBXGroup;
			children = (
				3F50B3A3224FCE4300E4E222 /* ReactiveCocoaUse */,
				3F50B3BC224FCE4300E4E222 /* ReactiveCocoaUseTests */,
				3F50B3C7224FCE4300E4E222 /* ReactiveCocoaUseUITests */,
				3F50B3A2224FCE4300E4E222 /* Products */,
				C5A6C54D551C8881A8038EA7 /* Pods */,
				7CA6A710E26C11E3CA76B206 /* Frameworks */,
			);
			sourceTree = "<group>";
		};
		3F50B3A2224FCE4300E4E222 /* Products */ = {
			isa = PBXGroup;
			children = (
				3F50B3A1224FCE4300E4E222 /* ReactiveCocoaUse.app */,
				3F50B3B9224FCE4300E4E222 /* ReactiveCocoaUseTests.xctest */,
				3F50B3C4224FCE4300E4E222 /* ReactiveCocoaUseUITests.xctest */,
			);
			name = Products;
			sourceTree = "<group>";
		};
		3F50B3A3224FCE4300E4E222 /* ReactiveCocoaUse */ = {
			isa = PBXGroup;
			children = (
				3F50B3A4224FCE4300E4E222 /* AppDelegate.h */,
				3F50B3A5224FCE4300E4E222 /* AppDelegate.m */,
				3F50B3A7224FCE4300E4E222 /* ViewController.h */,
				3F50B3A8224FCE4300E4E222 /* ViewController.m */,
				3F39CFB622506131004FDD05 /* YJViewController.h */,
				3F39CFB722506131004FDD05 /* YJViewController.m */,
				3F39CFB922506199004FDD05 /* YJLoginModel.h */,
				3F39CFBA22506199004FDD05 /* YJLoginModel.m */,
				3F39CFBC225061AE004FDD05 /* YJLoginViewModel.h */,
				3F39CFBD225061AE004FDD05 /* YJLoginViewModel.m */,
				3F4752272271FA2500684281 /* cc.h */,
				3F4752282271FA2500684281 /* cc.m */,
				3F50B3AA224FCE4300E4E222 /* Main.storyboard */,
				3F50B3AD224FCE4300E4E222 /* Assets.xcassets */,
				3F50B3AF224FCE4300E4E222 /* LaunchScreen.storyboard */,
				3F50B3B2224FCE4300E4E222 /* Info.plist */,
				3F50B3B3224FCE4300E4E222 /* main.m */,
			);
			path = ReactiveCocoaUse;
			sourceTree = "<group>";
		};
		3F50B3BC224FCE4300E4E222 /* ReactiveCocoaUseTests */ = {
			isa = PBXGroup;
			children = (
				3F50B3BD224FCE4300E4E222 /* ReactiveCocoaUseTests.m */,
				3F50B3BF224FCE4300E4E222 /* Info.plist */,
			);
			path = ReactiveCocoaUseTests;
			sourceTree = "<group>";
		};
		3F50B3C7224FCE4300E4E222 /* ReactiveCocoaUseUITests */ = {
			isa = PBXGroup;
			children = (
				3F50B3C8224FCE4300E4E222 /* ReactiveCocoaUseUITests.m */,
				3F50B3CA224FCE4300E4E222 /* Info.plist */,
			);
			path = ReactiveCocoaUseUITests;
			sourceTree = "<group>";
		};
		7CA6A710E26C11E3CA76B206 /* Frameworks */ = {
			isa = PBXGroup;
			children = (
				B6E05BBAC64845E473C31CC5 /* libPods-ReactiveCocoaUse.a */,
				CE9CA908FC0485B13665EDC1 /* libPods-ReactiveCocoaUseTests.a */,
				6CBAC91B66A7090FE107822A /* libPods-ReactiveCocoaUseUITests.a */,
			);
			name = Frameworks;
			sourceTree = "<group>";
		};
		C5A6C54D551C8881A8038EA7 /* Pods */ = {
			isa = PBXGroup;
			children = (
				04BD6C3BA928433F920CC302 /* Pods-ReactiveCocoaUse.debug.xcconfig */,
				D33A0BACBDF59E6382A7F5B0 /* Pods-ReactiveCocoaUse.release.xcconfig */,
				BD9E96A002E77FB197CC8654 /* Pods-ReactiveCocoaUseTests.debug.xcconfig */,
				D2DCC75D0C386FC386EB2A05 /* Pods-ReactiveCocoaUseTests.release.xcconfig */,
				CBB66A95FFFEF69DE61B81EC /* Pods-ReactiveCocoaUseUITests.debug.xcconfig */,
				228B213F2E114480B0FE88D0 /* Pods-ReactiveCocoaUseUITests.release.xcconfig */,
			);
			name = Pods;
			sourceTree = "<group>";
		};
/* End PBXGroup section */

/* Begin PBXNativeTarget section */
		3F50B3A0224FCE4300E4E222 /* ReactiveCocoaUse */ = {
			isa = PBXNativeTarget;
			buildConfigurationList = 3F50B3CD224FCE4300E4E222 /* Build configuration list for PBXNativeTarget "ReactiveCocoaUse" */;
			buildPhases = (
				40CACE9FF94512B22BFC617C /* [CP] Check Pods Manifest.lock */,
				3F50B39D224FCE4300E4E222 /* Sources */,
				3F50B39E224FCE4300E4E222 /* Frameworks */,
				3F50B39F224FCE4300E4E222 /* Resources */,
			);
			buildRules = (
			);
			dependencies = (
			);
			name = ReactiveCocoaUse;
			productName = ReactiveCocoaUse;
			productReference = 3F50B3A1224FCE4300E4E222 /* ReactiveCocoaUse.app */;
			productType = "com.apple.product-type.application";
		};
		3F50B3B8224FCE4300E4E222 /* ReactiveCocoaUseTests */ = {
			isa = PBXNativeTarget;
			buildConfigurationList = 3F50B3D0224FCE4300E4E222 /* Build configuration list for PBXNativeTarget "ReactiveCocoaUseTests" */;
			buildPhases = (
				C8309265903F826337561B0D /* [CP] Check Pods Manifest.lock */,
				3F50B3B5224FCE4300E4E222 /* Sources */,
				3F50B3B6224FCE4300E4E222 /* Frameworks */,
				3F50B3B7224FCE4300E4E222 /* Resources */,
			);
			buildRules = (
			);
			dependencies = (
				3F50B3BB224FCE4300E4E222 /* PBXTargetDependency */,
			);
			name = ReactiveCocoaUseTests;
			productName = ReactiveCocoaUseTests;
			productReference = 3F50B3B9224FCE4300E4E222 /* ReactiveCocoaUseTests.xctest */;
			productType = "com.apple.product-type.bundle.unit-test";
		};
		3F50B3C3224FCE4300E4E222 /* ReactiveCocoaUseUITests */ = {
			isa = PBXNativeTarget;
			buildConfigurationList = 3F50B3D3224FCE4300E4E222 /* Build configuration list for PBXNativeTarget "ReactiveCocoaUseUITests" */;
			buildPhases = (
				048949DF62D92DAB11145D59 /* [CP] Check Pods Manifest.lock */,
				3F50B3C0224FCE4300E4E222 /* Sources */,
				3F50B3C1224FCE4300E4E222 /* Frameworks */,
				3F50B3C2224FCE4300E4E222 /* Resources */,
			);
			buildRules = (
			);
			dependencies = (
				3F50B3C6224FCE4300E4E222 /* PBXTargetDependency */,
			);
			name = ReactiveCocoaUseUITests;
			productName = ReactiveCocoaUseUITests;
			productReference = 3F50B3C4224FCE4300E4E222 /* ReactiveCocoaUseUITests.xctest */;
			productType = "com.apple.product-type.bundle.ui-testing";
		};
/* End PBXNativeTarget section */

/* Begin PBXProject section */
		3F50B399224FCE4300E4E222 /* Project object */ = {
			isa = PBXProject;
			attributes = {
				LastUpgradeCheck = 0910;
				ORGANIZATIONNAME = YYJ;
				TargetAttributes = {
					3F50B3A0224FCE4300E4E222 = {
						CreatedOnToolsVersion = 9.1;
						ProvisioningStyle = Automatic;
					};
					3F50B3B8224FCE4300E4E222 = {
						CreatedOnToolsVersion = 9.1;
						ProvisioningStyle = Automatic;
						TestTargetID = 3F50B3A0224FCE4300E4E222;
					};
					3F50B3C3224FCE4300E4E222 = {
						CreatedOnToolsVersion = 9.1;
						ProvisioningStyle = Automatic;
						TestTargetID = 3F50B3A0224FCE4300E4E222;
					};
				};
			};
			buildConfigurationList = 3F50B39C224FCE4300E4E222 /* Build configuration list for PBXProject "ReactiveCocoaUse" */;
			compatibilityVersion = "Xcode 8.0";
			developmentRegion = en;
			hasScannedForEncodings = 0;
			knownRegions = (
				en,
				Base,
			);
			mainGroup = 3F50B398224FCE4300E4E222;
			productRefGroup = 3F50B3A2224FCE4300E4E222 /* Products */;
			projectDirPath = "";
			projectRoot = "";
			targets = (
				3F50B3A0224FCE4300E4E222 /* ReactiveCocoaUse */,
				3F50B3B8224FCE4300E4E222 /* ReactiveCocoaUseTests */,
				3F50B3C3224FCE4300E4E222 /* ReactiveCocoaUseUITests */,
			);
		};
/* End PBXProject section */

/* Begin PBXResourcesBuildPhase section */
		3F50B39F224FCE4300E4E222 /* Resources */ = {
			isa = PBXResourcesBuildPhase;
			buildActionMask = 2147483647;
			files = (
				3F50B3B1224FCE4300E4E222 /* LaunchScreen.storyboard in Resources */,
				3F50B3AE224FCE4300E4E222 /* Assets.xcassets in Resources */,
				3F50B3AC224FCE4300E4E222 /* Main.storyboard in Resources */,
			);
			runOnlyForDeploymentPostprocessing = 0;
		};
		3F50B3B7224FCE4300E4E222 /* Resources */ = {
			isa = PBXResourcesBuildPhase;
			buildActionMask = 2147483647;
			files = (
			);
			runOnlyForDeploymentPostprocessing = 0;
		};
		3F50B3C2224FCE4300E4E222 /* Resources */ = {
			isa = PBXResourcesBuildPhase;
			buildActionMask = 2147483647;
			files = (
			);
			runOnlyForDeploymentPostprocessing = 0;
		};
/* End PBXResourcesBuildPhase section */

/* Begin PBXShellScriptBuildPhase section */
		048949DF62D92DAB11145D59 /* [CP] Check Pods Manifest.lock */ = {
			isa = PBXShellScriptBuildPhase;
			buildActionMask = 2147483647;
			files = (
			);
			inputPaths = (
				"${PODS_PODFILE_DIR_PATH}/Podfile.lock",
				"${PODS_ROOT}/Manifest.lock",
			);
			name = "[CP] Check Pods Manifest.lock";
			outputPaths = (
				"$(DERIVED_FILE_DIR)/Pods-ReactiveCocoaUseUITests-checkManifestLockResult.txt",
			);
			runOnlyForDeploymentPostprocessing = 0;
			shellPath = /bin/sh;
			shellScript = "diff \"${PODS_PODFILE_DIR_PATH}/Podfile.lock\" \"${PODS_ROOT}/Manifest.lock\" > /dev/null\nif [ $? != 0 ] ; then\n    # print error to STDERR\n    echo \"error: The sandbox is not in sync with the Podfile.lock. Run 'pod install' or update your CocoaPods installation.\" >&2\n    exit 1\nfi\n# This output is used by Xcode 'outputs' to avoid re-running this script phase.\necho \"SUCCESS\" > \"${SCRIPT_OUTPUT_FILE_0}\"\n";
			showEnvVarsInLog = 0;
		};
		40CACE9FF94512B22BFC617C /* [CP] Check Pods Manifest.lock */ = {
			isa = PBXShellScriptBuildPhase;
			buildActionMask = 2147483647;
			files = (
			);
			inputPaths = (
				"${PODS_PODFILE_DIR_PATH}/Podfile.lock",
				"${PODS_ROOT}/Manifest.lock",
			);
			name = "[CP] Check Pods Manifest.lock";
			outputPaths = (
				"$(DERIVED_FILE_DIR)/Pods-ReactiveCocoaUse-checkManifestLockResult.txt",
			);
			runOnlyForDeploymentPostprocessing = 0;
			shellPath = /bin/sh;
			shellScript = "diff \"${PODS_PODFILE_DIR_PATH}/Podfile.lock\" \"${PODS_ROOT}/Manifest.lock\" > /dev/null\nif [ $? != 0 ] ; then\n    # print error to STDERR\n    echo \"error: The sandbox is not in sync with the Podfile.lock. Run 'pod install' or update your CocoaPods installation.\" >&2\n    exit 1\nfi\n# This output is used by Xcode 'outputs' to avoid re-running this script phase.\necho \"SUCCESS\" > \"${SCRIPT_OUTPUT_FILE_0}\"\n";
			showEnvVarsInLog = 0;
		};
		C8309265903F826337561B0D /* [CP] Check Pods Manifest.lock */ = {
			isa = PBXShellScriptBuildPhase;
			buildActionMask = 2147483647;
			files = (
			);
			inputPaths = (
				"${PODS_PODFILE_DIR_PATH}/Podfile.lock",
				"${PODS_ROOT}/Manifest.lock",
			);
			name = "[CP] Check Pods Manifest.lock";
			outputPaths = (
				"$(DERIVED_FILE_DIR)/Pods-ReactiveCocoaUseTests-checkManifestLockResult.txt",
			);
			runOnlyForDeploymentPostprocessing = 0;
			shellPath = /bin/sh;
			shellScript = "diff \"${PODS_PODFILE_DIR_PATH}/Podfile.lock\" \"${PODS_ROOT}/Manifest.lock\" > /dev/null\nif [ $? != 0 ] ; then\n    # print error to STDERR\n    echo \"error: The sandbox is not in sync with the Podfile.lock. Run 'pod install' or update your CocoaPods installation.\" >&2\n    exit 1\nfi\n# This output is used by Xcode 'outputs' to avoid re-running this script phase.\necho \"SUCCESS\" > \"${SCRIPT_OUTPUT_FILE_0}\"\n";
			showEnvVarsInLog = 0;
		};
/* End PBXShellScriptBuildPhase section */

/* Begin PBXSourcesBuildPhase section */
		3F50B39D224FCE4300E4E222 /* Sources */ = {
			isa = PBXSourcesBuildPhase;
			buildActionMask = 2147483647;
			files = (
				3F50B3A9224FCE4300E4E222 /* ViewController.m in Sources */,
				3F4752292271FA2500684281 /* cc.m in Sources */,
				3F39CFBB22506199004FDD05 /* YJLoginModel.m in Sources */,
				3F50B3B4224FCE4300E4E222 /* main.m in Sources */,
				3F39CFBE225061AE004FDD05 /* YJLoginViewModel.m in Sources */,
				3F50B3A6224FCE4300E4E222 /* AppDelegate.m in Sources */,
				3F39CFB822506131004FDD05 /* YJViewController.m in Sources */,
			);
			runOnlyForDeploymentPostprocessing = 0;
		};
		3F50B3B5224FCE4300E4E222 /* Sources */ = {
			isa = PBXSourcesBuildPhase;
			buildActionMask = 2147483647;
			files = (
				3F50B3BE224FCE4300E4E222 /* ReactiveCocoaUseTests.m in Sources */,
			);
			runOnlyForDeploymentPostprocessing = 0;
		};
		3F50B3C0224FCE4300E4E222 /* Sources */ = {
			isa = PBXSourcesBuildPhase;
			buildActionMask = 2147483647;
			files = (
				3F50B3C9224FCE4300E4E222 /* ReactiveCocoaUseUITests.m in Sources */,
			);
			runOnlyForDeploymentPostprocessing = 0;
		};
/* End PBXSourcesBuildPhase section */

/* Begin PBXTargetDependency section */
		3F50B3BB224FCE4300E4E222 /* PBXTargetDependency */ = {
			isa = PBXTargetDependency;
			target = 3F50B3A0224FCE4300E4E222 /* ReactiveCocoaUse */;
			targetProxy = 3F50B3BA224FCE4300E4E222 /* PBXContainerItemProxy */;
		};
		3F50B3C6224FCE4300E4E222 /* PBXTargetDependency */ = {
			isa = PBXTargetDependency;
			target = 3F50B3A0224FCE4300E4E222 /* ReactiveCocoaUse */;
			targetProxy = 3F50B3C5224FCE4300E4E222 /* PBXContainerItemProxy */;
		};
/* End PBXTargetDependency section */

/* Begin PBXVariantGroup section */
		3F50B3AA224FCE4300E4E222 /* Main.storyboard */ = {
			isa = PBXVariantGroup;
			children = (
				3F50B3AB224FCE4300E4E222 /* Base */,
			);
			name = Main.storyboard;
			sourceTree = "<group>";
		};
		3F50B3AF224FCE4300E4E222 /* LaunchScreen.storyboard */ = {
			isa = PBXVariantGroup;
			children = (
				3F50B3B0224FCE4300E4E222 /* Base */,
			);
			name = LaunchScreen.storyboard;
			sourceTree = "<group>";
		};
/* End PBXVariantGroup section */

/* Begin XCBuildConfiguration section */
		3F50B3CB224FCE4300E4E222 /* Debug */ = {
			isa = XCBuildConfiguration;
			buildSettings = {
				ALWAYS_SEARCH_USER_PATHS = NO;
				CLANG_ANALYZER_NONNULL = YES;
				CLANG_ANALYZER_NUMBER_OBJECT_CONVERSION = YES_AGGRESSIVE;
				CLANG_CXX_LANGUAGE_STANDARD = "gnu++14";
				CLANG_CXX_LIBRARY = "libc++";
				CLANG_ENABLE_MODULES = YES;
				CLANG_ENABLE_OBJC_ARC = YES;
				CLANG_WARN_BLOCK_CAPTURE_AUTORELEASING = YES;
				CLANG_WARN_BOOL_CONVERSION = YES;
				CLANG_WARN_COMMA = YES;
				CLANG_WARN_CONSTANT_CONVERSION = YES;
				CLANG_WARN_DIRECT_OBJC_ISA_USAGE = YES_ERROR;
				CLANG_WARN_DOCUMENTATION_COMMENTS = YES;
				CLANG_WARN_EMPTY_BODY = YES;
				CLANG_WARN_ENUM_CONVERSION = YES;
				CLANG_WARN_INFINITE_RECURSION = YES;
				CLANG_WARN_INT_CONVERSION = YES;
				CLANG_WARN_NON_LITERAL_NULL_CONVERSION = YES;
				CLANG_WARN_OBJC_LITERAL_CONVERSION = YES;
				CLANG_WARN_OBJC_ROOT_CLASS = YES_ERROR;
				CLANG_WARN_RANGE_LOOP_ANALYSIS = YES;
				CLANG_WARN_STRICT_PROTOTYPES = YES;
				CLANG_WARN_SUSPICIOUS_MOVE = YES;
				CLANG_WARN_UNGUARDED_AVAILABILITY = YES_AGGRESSIVE;
				CLANG_WARN_UNREACHABLE_CODE = YES;
				CLANG_WARN__DUPLICATE_METHOD_MATCH = YES;
				CODE_SIGN_IDENTITY = "iPhone Developer";
				COPY_PHASE_STRIP = NO;
				DEBUG_INFORMATION_FORMAT = dwarf;
				ENABLE_STRICT_OBJC_MSGSEND = YES;
				ENABLE_TESTABILITY = YES;
				GCC_C_LANGUAGE_STANDARD = gnu11;
				GCC_DYNAMIC_NO_PIC = NO;
				GCC_NO_COMMON_BLOCKS = YES;
				GCC_OPTIMIZATION_LEVEL = 0;
				GCC_PREPROCESSOR_DEFINITIONS = (
					"DEBUG=1",
					"$(inherited)",
				);
				GCC_WARN_64_TO_32_BIT_CONVERSION = YES;
				GCC_WARN_ABOUT_RETURN_TYPE = YES_ERROR;
				GCC_WARN_UNDECLARED_SELECTOR = YES;
				GCC_WARN_UNINITIALIZED_AUTOS = YES_AGGRESSIVE;
				GCC_WARN_UNUSED_FUNCTION = YES;
				GCC_WARN_UNUSED_VARIABLE = YES;
				IPHONEOS_DEPLOYMENT_TARGET = 11.1;
				MTL_ENABLE_DEBUG_INFO = YES;
				ONLY_ACTIVE_ARCH = YES;
				SDKROOT = iphoneos;
			};
			name = Debug;
		};
		3F50B3CC224FCE4300E4E222 /* Release */ = {
			isa = XCBuildConfiguration;
			buildSettings = {
				ALWAYS_SEARCH_USER_PATHS = NO;
				CLANG_ANALYZER_NONNULL = YES;
				CLANG_ANALYZER_NUMBER_OBJECT_CONVERSION = YES_AGGRESSIVE;
				CLANG_CXX_LANGUAGE_STANDARD = "gnu++14";
				CLANG_CXX_LIBRARY = "libc++";
				CLANG_ENABLE_MODULES = YES;
				CLANG_ENABLE_OBJC_ARC = YES;
				CLANG_WARN_BLOCK_CAPTURE_AUTORELEASING = YES;
				CLANG_WARN_BOOL_CONVERSION = YES;
				CLANG_WARN_COMMA = YES;
				CLANG_WARN_CONSTANT_CONVERSION = YES;
				CLANG_WARN_DIRECT_OBJC_ISA_USAGE = YES_ERROR;
				CLANG_WARN_DOCUMENTATION_COMMENTS = YES;
				CLANG_WARN_EMPTY_BODY = YES;
				CLANG_WARN_ENUM_CONVERSION = YES;
				CLANG_WARN_INFINITE_RECURSION = YES;
				CLANG_WARN_INT_CONVERSION = YES;
				CLANG_WARN_NON_LITERAL_NULL_CONVERSION = YES;
				CLANG_WARN_OBJC_LITERAL_CONVERSION = YES;
				CLANG_WARN_OBJC_ROOT_CLASS = YES_ERROR;
				CLANG_WARN_RANGE_LOOP_ANALYSIS = YES;
				CLANG_WARN_STRICT_PROTOTYPES = YES;
				CLANG_WARN_SUSPICIOUS_MOVE = YES;
				CLANG_WARN_UNGUARDED_AVAILABILITY = YES_AGGRESSIVE;
				CLANG_WARN_UNREACHABLE_CODE = YES;
				CLANG_WARN__DUPLICATE_METHOD_MATCH = YES;
				CODE_SIGN_IDENTITY = "iPhone Developer";
				COPY_PHASE_STRIP = NO;
				DEBUG_INFORMATION_FORMAT = "dwarf-with-dsym";
				ENABLE_NS_ASSERTIONS = NO;
				ENABLE_STRICT_OBJC_MSGSEND = YES;
				GCC_C_LANGUAGE_STANDARD = gnu11;
				GCC_NO_COMMON_BLOCKS = YES;
				GCC_WARN_64_TO_32_BIT_CONVERSION = YES;
				GCC_WARN_ABOUT_RETURN_TYPE = YES_ERROR;
				GCC_WARN_UNDECLARED_SELECTOR = YES;
				GCC_WARN_UNINITIALIZED_AUTOS = YES_AGGRESSIVE;
				GCC_WARN_UNUSED_FUNCTION = YES;
				GCC_WARN_UNUSED_VARIABLE = YES;
				IPHONEOS_DEPLOYMENT_TARGET = 11.1;
				MTL_ENABLE_DEBUG_INFO = NO;
				SDKROOT = iphoneos;
				VALIDATE_PRODUCT = YES;
			};
			name = Release;
		};
		3F50B3CE224FCE4300E4E222 /* Debug */ = {
			isa = XCBuildConfiguration;
			baseConfigurationReference = 04BD6C3BA928433F920CC302 /* Pods-ReactiveCocoaUse.debug.xcconfig */;
			buildSettings = {
				ASSETCATALOG_COMPILER_APPICON_NAME = AppIcon;
				CODE_SIGN_STYLE = Automatic;
				DEVELOPMENT_TEAM = 9T5ZB224LL;
				INFOPLIST_FILE = ReactiveCocoaUse/Info.plist;
				IPHONEOS_DEPLOYMENT_TARGET = 8.0;
				LD_RUNPATH_SEARCH_PATHS = "$(inherited) @executable_path/Frameworks";
				MARKETING_VERSION = 1.0.0;
				PRODUCT_BUNDLE_IDENTIFIER = YYJ.ReactiveCocoaUse;
				PRODUCT_NAME = "$(TARGET_NAME)";
				TARGETED_DEVICE_FAMILY = "1,2";
			};
			name = Debug;
		};
		3F50B3CF224FCE4300E4E222 /* Release */ = {
			isa = XCBuildConfiguration;
			baseConfigurationReference = D33A0BACBDF59E6382A7F5B0 /* Pods-ReactiveCocoaUse.release.xcconfig */;
			buildSettings = {
				ASSETCATALOG_COMPILER_APPICON_NAME = AppIcon;
				CODE_SIGN_STYLE = Automatic;
				DEVELOPMENT_TEAM = 9T5ZB224LL;
				INFOPLIST_FILE = ReactiveCocoaUse/Info.plist;
				IPHONEOS_DEPLOYMENT_TARGET = 8.0;
				LD_RUNPATH_SEARCH_PATHS = "$(inherited) @executable_path/Frameworks";
				MARKETING_VERSION = 1.0.0;
				PRODUCT_BUNDLE_IDENTIFIER = YYJ.ReactiveCocoaUse;
				PRODUCT_NAME = "$(TARGET_NAME)";
				TARGETED_DEVICE_FAMILY = "1,2";
			};
			name = Release;
		};
		3F50B3D1224FCE4300E4E222 /* Debug */ = {
			isa = XCBuildConfiguration;
			baseConfigurationReference = BD9E96A002E77FB197CC8654 /* Pods-ReactiveCocoaUseTests.debug.xcconfig */;
			buildSettings = {
				BUNDLE_LOADER = "$(TEST_HOST)";
				CODE_SIGN_STYLE = Automatic;
				INFOPLIST_FILE = ReactiveCocoaUseTests/Info.plist;
				LD_RUNPATH_SEARCH_PATHS = "$(inherited) @executable_path/Frameworks @loader_path/Frameworks";
				PRODUCT_BUNDLE_IDENTIFIER = YYJ.ReactiveCocoaUseTests;
				PRODUCT_NAME = "$(TARGET_NAME)";
				TARGETED_DEVICE_FAMILY = "1,2";
				TEST_HOST = "$(BUILT_PRODUCTS_DIR)/ReactiveCocoaUse.app/ReactiveCocoaUse";
			};
			name = Debug;
		};
		3F50B3D2224FCE4300E4E222 /* Release */ = {
			isa = XCBuildConfiguration;
			baseConfigurationReference = D2DCC75D0C386FC386EB2A05 /* Pods-ReactiveCocoaUseTests.release.xcconfig */;
			buildSettings = {
				BUNDLE_LOADER = "$(TEST_HOST)";
				CODE_SIGN_STYLE = Automatic;
				INFOPLIST_FILE = ReactiveCocoaUseTests/Info.plist;
				LD_RUNPATH_SEARCH_PATHS = "$(inherited) @executable_path/Frameworks @loader_path/Frameworks";
				PRODUCT_BUNDLE_IDENTIFIER = YYJ.ReactiveCocoaUseTests;
				PRODUCT_NAME = "$(TARGET_NAME)";
				TARGETED_DEVICE_FAMILY = "1,2";
				TEST_HOST = "$(BUILT_PRODUCTS_DIR)/ReactiveCocoaUse.app/ReactiveCocoaUse";
			};
			name = Release;
		};
		3F50B3D4224FCE4300E4E222 /* Debug */ = {
			isa = XCBuildConfiguration;
			baseConfigurationReference = CBB66A95FFFEF69DE61B81EC /* Pods-ReactiveCocoaUseUITests.debug.xcconfig */;
			buildSettings = {
				CODE_SIGN_STYLE = Automatic;
				INFOPLIST_FILE = ReactiveCocoaUseUITests/Info.plist;
				LD_RUNPATH_SEARCH_PATHS = "$(inherited) @executable_path/Frameworks @loader_path/Frameworks";
				PRODUCT_BUNDLE_IDENTIFIER = YYJ.ReactiveCocoaUseUITests;
				PRODUCT_NAME = "$(TARGET_NAME)";
				TARGETED_DEVICE_FAMILY = "1,2";
				TEST_TARGET_NAME = ReactiveCocoaUse;
			};
			name = Debug;
		};
		3F50B3D5224FCE4300E4E222 /* Release */ = {
			isa = XCBuildConfiguration;
			baseConfigurationReference = 228B213F2E114480B0FE88D0 /* Pods-ReactiveCocoaUseUITests.release.xcconfig */;
			buildSettings = {
				CODE_SIGN_STYLE = Automatic;
				INFOPLIST_FILE = ReactiveCocoaUseUITests/Info.plist;
				LD_RUNPATH_SEARCH_PATHS = "$(inherited) @executable_path/Frameworks @loader_path/Frameworks";
				PRODUCT_BUNDLE_IDENTIFIER = YYJ.ReactiveCocoaUseUITests;
				PRODUCT_NAME = "$(TARGET_NAME)";
				TARGETED_DEVICE_FAMILY = "1,2";
				TEST_TARGET_NAME = ReactiveCocoaUse;
			};
			name = Release;
		};
/* End XCBuildConfiguration section */

/* Begin XCConfigurationList section */
		3F50B39C224FCE4300E4E222 /* Build configuration list for PBXProject "ReactiveCocoaUse" */ = {
			isa = XCConfigurationList;
			buildConfigurations = (
				3F50B3CB224FCE4300E4E222 /* Debug */,
				3F50B3CC224FCE4300E4E222 /* Release */,
			);
			defaultConfigurationIsVisible = 0;
			defaultConfigurationName = Release;
		};
		3F50B3CD224FCE4300E4E222 /* Build configuration list for PBXNativeTarget "ReactiveCocoaUse" */ = {
			isa = XCConfigurationList;
			buildConfigurations = (
				3F50B3CE224FCE4300E4E222 /* Debug */,
				3F50B3CF224FCE4300E4E222 /* Release */,
			);
			defaultConfigurationIsVisible = 0;
			defaultConfigurationName = Release;
		};
		3F50B3D0224FCE4300E4E222 /* Build configuration list for PBXNativeTarget "ReactiveCocoaUseTests" */ = {
			isa = XCConfigurationList;
			buildConfigurations = (
				3F50B3D1224FCE4300E4E222 /* Debug */,
				3F50B3D2224FCE4300E4E222 /* Release */,
			);
			defaultConfigurationIsVisible = 0;
			defaultConfigurationName = Release;
		};
		3F50B3D3224FCE4300E4E222 /* Build configuration list for PBXNativeTarget "ReactiveCocoaUseUITests" */ = {
			isa = XCConfigurationList;
			buildConfigurations = (
				3F50B3D4224FCE4300E4E222 /* Debug */,
				3F50B3D5224FCE4300E4E222 /* Release */,
			);
			defaultConfigurationIsVisible = 0;
			defaultConfigurationName = Release;
		};
/* End XCConfigurationList section */
	};
	rootObject = 3F50B399224FCE4300E4E222 /* Project object */;
}
